
Microsoft Visual Studio Solution File, Format Version 12.00
# Visual Studio Version 17
VisualStudioVersion = 17.6.33723.286
MinimumVisualStudioVersion = 10.0.40219.1
Project("{9A19103F-16F7-4668-BE54-9A1E7A4F7556}") = "WhatsappNet.Api", "Whatsapp.Net\WhatsappNet.Api.csproj", "{D6AD47CB-1FFE-42AA-87AC-AA9696D4DA90}"
EndProject
Global
	GlobalSection(SolutionConfigurationPlatforms) = preSolution
		Debug|Any CPU = Debug|Any CPU
		Release|Any CPU = Release|Any CPU
	EndGlobalSection
	GlobalSection(ProjectConfigurationPlatforms) = postSolution
		{D6AD47CB-1FFE-42AA-87AC-AA9696D4DA90}.Debug|Any CPU.ActiveCfg = Debug|Any CPU
		{D6AD47CB-1FFE-42AA-87AC-AA9696D4DA90}.Debug|Any CPU.Build.0 = Debug|Any CPU
		{D6AD47CB-1FFE-42AA-87AC-AA9696D4DA90}.Release|Any CPU.ActiveCfg = Release|Any CPU
		{D6AD47CB-1FFE-42AA-87AC-AA9696D4DA90}.Release|Any CPU.Build.0 = Release|Any CPU
	EndGlobalSection
	GlobalSection(SolutionProperties) = preSolution
		HideSolutionNode = FALSE
	EndGlobalSection
	GlobalSection(ExtensibilityGlobals) = postSolution
		SolutionGuid = {A69C9F99-380D-4248-AF6F-B1F2B4749162}
	EndGlobalSection
EndGlobal
